
Microsoft Visual Studio Solution File, Format Version 12.00
# Visual Studio 15
VisualStudioVersion = 15.0.27130.2027
MinimumVisualStudioVersion = 10.0.40219.1
Project("{FAE04EC0-301F-11D3-BF4B-00C04F79EFBC}") = "TDTL_Console", "TDTL_Console\TDTL_Console.csproj", "{0AB8AB34-905F-4A0A-9981-5709647F0A83}"
EndProject
Project("{FAE04EC0-301F-11D3-BF4B-00C04F79EFBC}") = "TDTL_Win", "TDTL_Win\TDTL_Win.csproj", "{FC2DA114-CC10-4684-8303-53ABA3A8A3C5}"
EndProject
Project("{2150E333-8FDC-42A3-9474-1A3956D46DE8}") = "Solution Items", "Solution Items", "{3599C3AB-5ADC-4CEE-9FFF-3BCD02497ED9}"
	ProjectSection(SolutionItems) = preProject
		CONTRIBUTING.md = CONTRIBUTING.md
		img1.PNG = img1.PNG
		img2.PNG = img2.PNG
		img3.PNG = img3.PNG
		README.md = README.md
	EndProjectSection
EndProject
Global
	GlobalSection(SolutionConfigurationPlatforms) = preSolution
		Debug|Any CPU = Debug|Any CPU
		Release|Any CPU = Release|Any CPU
	EndGlobalSection
	GlobalSection(ProjectConfigurationPlatforms) = postSolution
		{0AB8AB34-905F-4A0A-9981-5709647F0A83}.Debug|Any CPU.ActiveCfg = Debug|Any CPU
		{0AB8AB34-905F-4A0A-9981-5709647F0A83}.Debug|Any CPU.Build.0 = Debug|Any CPU
		{0AB8AB34-905F-4A0A-9981-5709647F0A83}.Release|Any CPU.ActiveCfg = Release|Any CPU
		{0AB8AB34-905F-4A0A-9981-5709647F0A83}.Release|Any CPU.Build.0 = Release|Any CPU
		{FC2DA114-CC10-4684-8303-53ABA3A8A3C5}.Debug|Any CPU.ActiveCfg = Debug|Any CPU
		{FC2DA114-CC10-4684-8303-53ABA3A8A3C5}.Debug|Any CPU.Build.0 = Debug|Any CPU
		{FC2DA114-CC10-4684-8303-53ABA3A8A3C5}.Release|Any CPU.ActiveCfg = Release|Any CPU
		{FC2DA114-CC10-4684-8303-53ABA3A8A3C5}.Release|Any CPU.Build.0 = Release|Any CPU
	EndGlobalSection
	GlobalSection(SolutionProperties) = preSolution
		HideSolutionNode = FALSE
	EndGlobalSection
	GlobalSection(ExtensibilityGlobals) = postSolution
		SolutionGuid = {575B7525-0D71-4EF9-91DF-3A1695FFD272}
	EndGlobalSection
EndGlobal
